
Microsoft Visual Studio Solution File, Format Version 12.00
# Visual Studio Version 17
VisualStudioVersion = 17.13.35919.96 d17.13
MinimumVisualStudioVersion = 10.0.40219.1
Project("{FAE04EC0-301F-11D3-BF4B-00C04F79EFBC}") = "pruebasAutomatizadas", "pruebasAutomatizadas.csproj", "{691E8392-751C-40AE-817F-F1B97A325274}"
EndProject
Global
	GlobalSection(SolutionConfigurationPlatforms) = preSolution
		Debug|Any CPU = Debug|Any CPU
		Release|Any CPU = Release|Any CPU
	EndGlobalSection
	GlobalSection(ProjectConfigurationPlatforms) = postSolution
		{691E8392-751C-40AE-817F-F1B97A325274}.Debug|Any CPU.ActiveCfg = Debug|Any CPU
		{691E8392-751C-40AE-817F-F1B97A325274}.Debug|Any CPU.Build.0 = Debug|Any CPU
		{691E8392-751C-40AE-817F-F1B97A325274}.Release|Any CPU.ActiveCfg = Release|Any CPU
		{691E8392-751C-40AE-817F-F1B97A325274}.Release|Any CPU.Build.0 = Release|Any CPU
	EndGlobalSection
	GlobalSection(SolutionProperties) = preSolution
		HideSolutionNode = FALSE
	EndGlobalSection
	GlobalSection(ExtensibilityGlobals) = postSolution
		SolutionGuid = {268BC702-8382-4C6A-8FEF-2F1ECCEF8813}
	EndGlobalSection
EndGlobal
