
Microsoft Visual Studio Solution File, Format Version 12.00
# Visual Studio Version 17
VisualStudioVersion = 17.13.35919.96 d17.13
MinimumVisualStudioVersion = 10.0.40219.1
Project("{FAE04EC0-301F-11D3-BF4B-00C04F79EFBC}") = "InsumosApp", "InsumosApp\InsumosApp.csproj", "{A21056CA-DBB9-4798-88ED-C6882D3CBFFA}"
EndProject
Project("{FAE04EC0-301F-11D3-BF4B-00C04F79EFBC}") = "InsumosApp.Tests", "InsumosApp.Tests\InsumosApp.Tests.csproj", "{377BB303-8466-40A3-BBA9-4800543BB3FA}"
EndProject
Global
	GlobalSection(SolutionConfigurationPlatforms) = preSolution
		Debug|Any CPU = Debug|Any CPU
		Release|Any CPU = Release|Any CPU
	EndGlobalSection
	GlobalSection(ProjectConfigurationPlatforms) = postSolution
		{A21056CA-DBB9-4798-88ED-C6882D3CBFFA}.Debug|Any CPU.ActiveCfg = Debug|Any CPU
		{A21056CA-DBB9-4798-88ED-C6882D3CBFFA}.Debug|Any CPU.Build.0 = Debug|Any CPU
		{A21056CA-DBB9-4798-88ED-C6882D3CBFFA}.Release|Any CPU.ActiveCfg = Release|Any CPU
		{A21056CA-DBB9-4798-88ED-C6882D3CBFFA}.Release|Any CPU.Build.0 = Release|Any CPU
		{377BB303-8466-40A3-BBA9-4800543BB3FA}.Debug|Any CPU.ActiveCfg = Debug|Any CPU
		{377BB303-8466-40A3-BBA9-4800543BB3FA}.Debug|Any CPU.Build.0 = Debug|Any CPU
		{377BB303-8466-40A3-BBA9-4800543BB3FA}.Release|Any CPU.ActiveCfg = Release|Any CPU
		{377BB303-8466-40A3-BBA9-4800543BB3FA}.Release|Any CPU.Build.0 = Release|Any CPU
	EndGlobalSection
	GlobalSection(SolutionProperties) = preSolution
		HideSolutionNode = FALSE
	EndGlobalSection
	GlobalSection(ExtensibilityGlobals) = postSolution
		SolutionGuid = {47D9889E-B352-4F74-9B5C-2C26A1D3D6BD}
	EndGlobalSection
EndGlobal
